{
  "name": "server",
  "lockfileVersion": 3,
  "requires": true,
  "packages": {
    "": {
      "dependencies": {
        "@hono/node-server": "1.19.9",
        "hono": "4.11.10",
        "pgwire": "0.8.1"
      }
    },
    "node_modules/@hono/node-server": {
      "version": "1.19.9",
      "resolved": "https://registry.npmjs.org/@hono/node-server/-/node-server-1.19.9.tgz",
      "integrity": "sha512-vHL6w3ecZsky+8P5MD+eFfaGTyCeOHUIFYMGpQGbrBTSmNNoxv0if69rEZ5giu36weC5saFuznL411gRX7bJDw==",
      "license": "MIT",
      "engines": {
        "node": ">=18.14.1"
      },
      "peerDependencies": {
        "hono": "^4"
      }
    },
    "node_modules/hono": {
      "version": "4.11.10",
      "resolved": "https://registry.npmjs.org/hono/-/hono-4.11.10.tgz",
      "integrity": "sha512-kyWP5PAiMooEvGrA9jcD3IXF7ATu8+o7B3KCbPXid5se52NPqnOpM/r9qeW2heMnOekF4kqR1fXJqCYeCLKrZg==",
      "license": "MIT",
      "engines": {
        "node": ">=16.9.0"
      }
    },
    "node_modules/pgwire": {
      "version": "0.8.1",
      "resolved": "https://registry.npmjs.org/pgwire/-/pgwire-0.8.1.tgz",
      "integrity": "sha512-9Q1Mh5eR0IaeTrfZ+vovkj0zyEpxTijEbGizMezwUjo1vSbJnequf7Y+roSQph7POuJ7xOPDqjQJUMM2OQR+zw==",
      "license": "MIT",
      "engines": {
        "node": ">=18.17.0"
      }
    }
  }
}
